
Microsoft Visual Studio Solution File, Format Version 12.00
# Visual Studio Version 16
VisualStudioVersion = 16.0.30523.141
MinimumVisualStudioVersion = 10.0.40219.1
Project("{FAE04EC0-301F-11D3-BF4B-00C04F79EFBC}") = "ContactsAppUI", "ContactsAppUI\ContactsAppUI.csproj", "{FEE28D14-B42C-4A52-93E8-E747CB728A80}"
EndProject
Project("{FAE04EC0-301F-11D3-BF4B-00C04F79EFBC}") = "ContactsApp", "ContactsApp\ContactsApp.csproj", "{02787253-238A-41C1-9324-0D81F41D67B5}"
EndProject
Global
	GlobalSection(SolutionConfigurationPlatforms) = preSolution
		Debug|Any CPU = Debug|Any CPU
		Release|Any CPU = Release|Any CPU
	EndGlobalSection
	GlobalSection(ProjectConfigurationPlatforms) = postSolution
		{FEE28D14-B42C-4A52-93E8-E747CB728A80}.Debug|Any CPU.ActiveCfg = Debug|Any CPU
		{FEE28D14-B42C-4A52-93E8-E747CB728A80}.Debug|Any CPU.Build.0 = Debug|Any CPU
		{FEE28D14-B42C-4A52-93E8-E747CB728A80}.Release|Any CPU.ActiveCfg = Release|Any CPU
		{FEE28D14-B42C-4A52-93E8-E747CB728A80}.Release|Any CPU.Build.0 = Release|Any CPU
		{02787253-238A-41C1-9324-0D81F41D67B5}.Debug|Any CPU.ActiveCfg = Debug|Any CPU
		{02787253-238A-41C1-9324-0D81F41D67B5}.Debug|Any CPU.Build.0 = Debug|Any CPU
		{02787253-238A-41C1-9324-0D81F41D67B5}.Release|Any CPU.ActiveCfg = Release|Any CPU
		{02787253-238A-41C1-9324-0D81F41D67B5}.Release|Any CPU.Build.0 = Release|Any CPU
	EndGlobalSection
	GlobalSection(SolutionProperties) = preSolution
		HideSolutionNode = FALSE
	EndGlobalSection
	GlobalSection(ExtensibilityGlobals) = postSolution
		SolutionGuid = {51A51D23-F3D6-4953-B1F4-EBBAF22BE71B}
	EndGlobalSection
EndGlobal
